
Microsoft Visual Studio Solution File, Format Version 12.00
# Visual Studio Version 16
VisualStudioVersion = 16.0.30907.101
MinimumVisualStudioVersion = 10.0.40219.1
Project("{9A19103F-16F7-4668-BE54-9A1E7A4F7556}") = "Northwind", "Northwind.csproj", "{2386BC57-C8F5-444D-9524-6DBA6FAE48E8}"
EndProject
Global
	GlobalSection(SolutionConfigurationPlatforms) = preSolution
		Debug|Any CPU = Debug|Any CPU
		Release|Any CPU = Release|Any CPU
	EndGlobalSection
	GlobalSection(ProjectConfigurationPlatforms) = postSolution
		{2386BC57-C8F5-444D-9524-6DBA6FAE48E8}.Debug|Any CPU.ActiveCfg = Debug|Any CPU
		{2386BC57-C8F5-444D-9524-6DBA6FAE48E8}.Debug|Any CPU.Build.0 = Debug|Any CPU
		{2386BC57-C8F5-444D-9524-6DBA6FAE48E8}.Release|Any CPU.ActiveCfg = Release|Any CPU
		{2386BC57-C8F5-444D-9524-6DBA6FAE48E8}.Release|Any CPU.Build.0 = Release|Any CPU
	EndGlobalSection
	GlobalSection(SolutionProperties) = preSolution
		HideSolutionNode = FALSE
	EndGlobalSection
	GlobalSection(ExtensibilityGlobals) = postSolution
		SolutionGuid = {84FDD474-F5F7-475F-BF78-8E24E991ED02}
	EndGlobalSection
EndGlobal
